<?xml version="1.0" encoding="utf-8"?>
<Project ToolsVersion="4.0" xmlns="http://schemas.microsoft.com/developer/msbuild/2003">
  <ItemGroup>
    <Filter Include="Файлы исходного кода">
      <UniqueIdentifier>{4FC737F1-C7A5-4376-A066-2A32D752A2FF}</UniqueIdentifier>
      <Extensions>cpp;c;cc;cxx;def;odl;idl;hpj;bat;asm;asmx</Extensions>
    </Filter>
    <Filter Include="Заголовочные файлы">
      <UniqueIdentifier>{93995380-89BD-4b04-88EB-625FBE52EBFB}</UniqueIdentifier>
      <Extensions>h;hh;hpp;hxx;hm;inl;inc;xsd</Extensions>
    </Filter>
    <Filter Include="Файлы ресурсов">
      <UniqueIdentifier>{67DA6AB6-F800-4c08-8B7A-83BB121AAD01}</UniqueIdentifier>
      <Extensions>rc;ico;cur;bmp;dlg;rc2;rct;bin;rgs;gif;jpg;jpeg;jpe;resx;tiff;tif;png;wav;mfcribbon-ms</Extensions>
    </Filter>
    <Filter Include="Заголовочные файлы\lua">
      <UniqueIdentifier>{162b799d-eede-44f0-9f4f-47068814361e}</UniqueIdentifier>
    </Filter>
    <Filter Include="Файлы исходного кода\lua">
      <UniqueIdentifier>{890a72cb-4f73-4dcd-946e-37111d494457}</UniqueIdentifier>
    </Filter>
    <Filter Include="Заголовочные файлы\detours">
      <UniqueIdentifier>{9f23c268-7828-4c4a-be1c-c42a6b9f92e7}</UniqueIdentifier>
    </Filter>
  </ItemGroup>
  <ItemGroup>
    <Text Include="ReadMe.txt" />
  </ItemGroup>
  <ItemGroup>
    <ClInclude Include="stdafx.h">
      <Filter>Заголовочные файлы</Filter>
    </ClInclude>
    <ClInclude Include="targetver.h">
      <Filter>Заголовочные файлы</Filter>
    </ClInclude>
    <ClInclude Include="libLassebq.h">
      <Filter>Заголовочные файлы</Filter>
    </ClInclude>
    <ClInclude Include="KatanaZero.h">
      <Filter>Заголовочные файлы</Filter>
    </ClInclude>
    <ClInclude Include="RValue.h">
      <Filter>Заголовочные файлы</Filter>
    </ClInclude>
    <ClInclude Include="SYYStackTrace.h">
      <Filter>Заголовочные файлы</Filter>
    </ClInclude>
    <ClInclude Include="Utils.h">
      <Filter>Заголовочные файлы</Filter>
    </ClInclude>
    <ClInclude Include="GMLFuncs.h">
      <Filter>Заголовочные файлы</Filter>
    </ClInclude>
    <ClInclude Include="Room.h">
      <Filter>Заголовочные файлы</Filter>
    </ClInclude>
    <ClInclude Include="Data.h">
      <Filter>Заголовочные файлы</Filter>
    </ClInclude>
    <ClInclude Include="GMLConstants.h">
      <Filter>Заголовочные файлы</Filter>
    </ClInclude>
    <ClInclude Include="GMLua.h">
      <Filter>Заголовочные файлы</Filter>
    </ClInclude>
    <ClInclude Include="resource.h">
      <Filter>Заголовочные файлы</Filter>
    </ClInclude>
    <ClInclude Include="GameSpecific.h">
      <Filter>Заголовочные файлы</Filter>
    </ClInclude>
    <ClInclude Include="GMAddresses.h">
      <Filter>Заголовочные файлы</Filter>
    </ClInclude>
    <ClInclude Include="TheSwordsOfDitto.h">
      <Filter>Заголовочные файлы</Filter>
    </ClInclude>
    <ClInclude Include="DittoRAMProxy.h">
      <Filter>Заголовочные файлы</Filter>
    </ClInclude>
    <ClInclude Include="Dangerous.h">
      <Filter>Заголовочные файлы</Filter>
    </ClInclude>
    <ClInclude Include="lua\lstring.h">
      <Filter>Заголовочные файлы\lua</Filter>
    </ClInclude>
    <ClInclude Include="lua\ltable.h">
      <Filter>Заголовочные файлы\lua</Filter>
    </ClInclude>
    <ClInclude Include="lua\ltm.h">
      <Filter>Заголовочные файлы\lua</Filter>
    </ClInclude>
    <ClInclude Include="lua\lua.h">
      <Filter>Заголовочные файлы\lua</Filter>
    </ClInclude>
    <ClInclude Include="lua\luaconf.h">
      <Filter>Заголовочные файлы\lua</Filter>
    </ClInclude>
    <ClInclude Include="lua\lualib.h">
      <Filter>Заголовочные файлы\lua</Filter>
    </ClInclude>
    <ClInclude Include="lua\lundump.h">
      <Filter>Заголовочные файлы\lua</Filter>
    </ClInclude>
    <ClInclude Include="lua\lvm.h">
      <Filter>Заголовочные файлы\lua</Filter>
    </ClInclude>
    <ClInclude Include="lua\lzio.h">
      <Filter>Заголовочные файлы\lua</Filter>
    </ClInclude>
    <ClInclude Include="lua\ldebug.h">
      <Filter>Заголовочные файлы\lua</Filter>
    </ClInclude>
    <ClInclude Include="lua\ldo.h">
      <Filter>Заголовочные файлы\lua</Filter>
    </ClInclude>
    <ClInclude Include="lua\lfunc.h">
      <Filter>Заголовочные файлы\lua</Filter>
    </ClInclude>
    <ClInclude Include="lua\lgc.h">
      <Filter>Заголовочные файлы\lua</Filter>
    </ClInclude>
    <ClInclude Include="lua\ljumptab.h">
      <Filter>Заголовочные файлы\lua</Filter>
    </ClInclude>
    <ClInclude Include="lua\llex.h">
      <Filter>Заголовочные файлы\lua</Filter>
    </ClInclude>
    <ClInclude Include="lua\llimits.h">
      <Filter>Заголовочные файлы\lua</Filter>
    </ClInclude>
    <ClInclude Include="lua\lmem.h">
      <Filter>Заголовочные файлы\lua</Filter>
    </ClInclude>
    <ClInclude Include="lua\lobject.h">
      <Filter>Заголовочные файлы\lua</Filter>
    </ClInclude>
    <ClInclude Include="lua\lopcodes.h">
      <Filter>Заголовочные файлы\lua</Filter>
    </ClInclude>
    <ClInclude Include="lua\lopnames.h">
      <Filter>Заголовочные файлы\lua</Filter>
    </ClInclude>
    <ClInclude Include="lua\lparser.h">
      <Filter>Заголовочные файлы\lua</Filter>
    </ClInclude>
    <ClInclude Include="lua\lprefix.h">
      <Filter>Заголовочные файлы\lua</Filter>
    </ClInclude>
    <ClInclude Include="lua\lstate.h">
      <Filter>Заголовочные файлы\lua</Filter>
    </ClInclude>
    <ClInclude Include="lua\lapi.h">
      <Filter>Заголовочные файлы\lua</Filter>
    </ClInclude>
    <ClInclude Include="lua\lauxlib.h">
      <Filter>Заголовочные файлы\lua</Filter>
    </ClInclude>
    <ClInclude Include="lua\lcode.h">
      <Filter>Заголовочные файлы\lua</Filter>
    </ClInclude>
    <ClInclude Include="lua\lctype.h">
      <Filter>Заголовочные файлы\lua</Filter>
    </ClInclude>
    <ClInclude Include="lua\lua.hpp">
      <Filter>Заголовочные файлы\lua</Filter>
    </ClInclude>
    <ClInclude Include="Scheduler.h">
      <Filter>Заголовочные файлы</Filter>
    </ClInclude>
    <ClInclude Include="detours\detours.h">
      <Filter>Заголовочные файлы\detours</Filter>
    </ClInclude>
    <ClInclude Include="ScriptHooker.h">
      <Filter>Заголовочные файлы</Filter>
    </ClInclude>
    <ClInclude Include="SHAutogen.h">
      <Filter>Заголовочные файлы</Filter>
    </ClInclude>
  </ItemGroup>
  <ItemGroup>
    <ClCompile Include="stdafx.cpp">
      <Filter>Файлы исходного кода</Filter>
    </ClCompile>
    <ClCompile Include="libLassebq.cpp">
      <Filter>Файлы исходного кода</Filter>
    </ClCompile>
    <ClCompile Include="dllmain.cpp">
      <Filter>Файлы исходного кода</Filter>
    </ClCompile>
    <ClCompile Include="RValue.cpp">
      <Filter>Файлы исходного кода</Filter>
    </ClCompile>
    <ClCompile Include="SYYStackTrace.cpp">
      <Filter>Файлы исходного кода</Filter>
    </ClCompile>
    <ClCompile Include="Utils.cpp">
      <Filter>Файлы исходного кода</Filter>
    </ClCompile>
    <ClCompile Include="GMLFuncs.cpp">
      <Filter>Файлы исходного кода</Filter>
    </ClCompile>
    <ClCompile Include="Room.cpp">
      <Filter>Файлы исходного кода</Filter>
    </ClCompile>
    <ClCompile Include="Data.cpp">
      <Filter>Файлы исходного кода</Filter>
    </ClCompile>
    <ClCompile Include="GMLConstants.cpp">
      <Filter>Файлы исходного кода</Filter>
    </ClCompile>
    <ClCompile Include="GMLua.cpp">
      <Filter>Файлы исходного кода</Filter>
    </ClCompile>
    <ClCompile Include="GameSpecific.cpp">
      <Filter>Файлы исходного кода</Filter>
    </ClCompile>
    <ClCompile Include="DittoRAMProxy.cpp">
      <Filter>Файлы исходного кода</Filter>
    </ClCompile>
    <ClCompile Include="Dangerous.cpp">
      <Filter>Файлы исходного кода</Filter>
    </ClCompile>
    <ClCompile Include="lua\lstrlib.c">
      <Filter>Файлы исходного кода\lua</Filter>
    </ClCompile>
    <ClCompile Include="lua\ltable.c">
      <Filter>Файлы исходного кода\lua</Filter>
    </ClCompile>
    <ClCompile Include="lua\ltablib.c">
      <Filter>Файлы исходного кода\lua</Filter>
    </ClCompile>
    <ClCompile Include="lua\ltm.c">
      <Filter>Файлы исходного кода\lua</Filter>
    </ClCompile>
    <ClCompile Include="lua\lundump.c">
      <Filter>Файлы исходного кода\lua</Filter>
    </ClCompile>
    <ClCompile Include="lua\lutf8lib.c">
      <Filter>Файлы исходного кода\lua</Filter>
    </ClCompile>
    <ClCompile Include="lua\lvm.c">
      <Filter>Файлы исходного кода\lua</Filter>
    </ClCompile>
    <ClCompile Include="lua\lzio.c">
      <Filter>Файлы исходного кода\lua</Filter>
    </ClCompile>
    <ClCompile Include="lua\ldo.c">
      <Filter>Файлы исходного кода\lua</Filter>
    </ClCompile>
    <ClCompile Include="lua\ldump.c">
      <Filter>Файлы исходного кода\lua</Filter>
    </ClCompile>
    <ClCompile Include="lua\lfunc.c">
      <Filter>Файлы исходного кода\lua</Filter>
    </ClCompile>
    <ClCompile Include="lua\lgc.c">
      <Filter>Файлы исходного кода\lua</Filter>
    </ClCompile>
    <ClCompile Include="lua\linit.c">
      <Filter>Файлы исходного кода\lua</Filter>
    </ClCompile>
    <ClCompile Include="lua\liolib.c">
      <Filter>Файлы исходного кода\lua</Filter>
    </ClCompile>
    <ClCompile Include="lua\llex.c">
      <Filter>Файлы исходного кода\lua</Filter>
    </ClCompile>
    <ClCompile Include="lua\lmathlib.c">
      <Filter>Файлы исходного кода\lua</Filter>
    </ClCompile>
    <ClCompile Include="lua\lmem.c">
      <Filter>Файлы исходного кода\lua</Filter>
    </ClCompile>
    <ClCompile Include="lua\loadlib.c">
      <Filter>Файлы исходного кода\lua</Filter>
    </ClCompile>
    <ClCompile Include="lua\lobject.c">
      <Filter>Файлы исходного кода\lua</Filter>
    </ClCompile>
    <ClCompile Include="lua\lopcodes.c">
      <Filter>Файлы исходного кода\lua</Filter>
    </ClCompile>
    <ClCompile Include="lua\loslib.c">
      <Filter>Файлы исходного кода\lua</Filter>
    </ClCompile>
    <ClCompile Include="lua\lparser.c">
      <Filter>Файлы исходного кода\lua</Filter>
    </ClCompile>
    <ClCompile Include="lua\lstate.c">
      <Filter>Файлы исходного кода\lua</Filter>
    </ClCompile>
    <ClCompile Include="lua\lstring.c">
      <Filter>Файлы исходного кода\lua</Filter>
    </ClCompile>
    <ClCompile Include="lua\lapi.c">
      <Filter>Файлы исходного кода\lua</Filter>
    </ClCompile>
    <ClCompile Include="lua\lauxlib.c">
      <Filter>Файлы исходного кода\lua</Filter>
    </ClCompile>
    <ClCompile Include="lua\lbaselib.c">
      <Filter>Файлы исходного кода\lua</Filter>
    </ClCompile>
    <ClCompile Include="lua\lcode.c">
      <Filter>Файлы исходного кода\lua</Filter>
    </ClCompile>
    <ClCompile Include="lua\lcorolib.c">
      <Filter>Файлы исходного кода\lua</Filter>
    </ClCompile>
    <ClCompile Include="lua\lctype.c">
      <Filter>Файлы исходного кода\lua</Filter>
    </ClCompile>
    <ClCompile Include="lua\ldblib.c">
      <Filter>Файлы исходного кода\lua</Filter>
    </ClCompile>
    <ClCompile Include="lua\ldebug.c">
      <Filter>Файлы исходного кода\lua</Filter>
    </ClCompile>
    <ClCompile Include="Scheduler.cpp">
      <Filter>Файлы исходного кода</Filter>
    </ClCompile>
    <ClCompile Include="ScriptHooker.cpp">
      <Filter>Файлы исходного кода</Filter>
    </ClCompile>
    <ClCompile Include="SHAutogen.cpp">
      <Filter>Файлы исходного кода</Filter>
    </ClCompile>
  </ItemGroup>
  <ItemGroup>
    <None Include="lua54.dll" />
  </ItemGroup>
  <ItemGroup>
    <ResourceCompile Include="libLassebq.rc">
      <Filter>Файлы ресурсов</Filter>
    </ResourceCompile>
  </ItemGroup>
</Project>